// !$*UTF8*$!
{
	archiveVersion = 1;
	classes = {
	};
	objectVersion = 48;
	objects = {

/* Begin PBXBuildFile section */
		0033CC231FB2523400372778 /* Localized.strings in Resources */ = {isa = PBXBuildFile; fileRef = 0033CC221FB2523400372778 /* Localized.strings */; };
		0033CC261FB255FD00372778 /* YHSimpleContent.m in Sources */ = {isa = PBXBuildFile; fileRef = 0033CC251FB255FD00372778 /* YHSimpleContent.m */; };
		0033CC2A1FB2563600372778 /* YHSimpleContentViewController.m in Sources */ = {isa = PBXBuildFile; fileRef = 0033CC281FB2563600372778 /* YHSimpleContentViewController.m */; };
		0033CC2B1FB2563600372778 /* YHSimpleContentViewController.xib in Resources */ = {isa = PBXBuildFile; fileRef = 0033CC291FB2563600372778 /* YHSimpleContentViewController.xib */; };
		0033CC2F1FB2566C00372778 /* YHSimpleInfoViewController.m in Sources */ = {isa = PBXBuildFile; fileRef = 0033CC2D1FB2566C00372778 /* YHSimpleInfoViewController.m */; };
		0033CC301FB2566C00372778 /* YHSimpleInfoViewController.xib in Resources */ = {isa = PBXBuildFile; fileRef = 0033CC2E1FB2566C00372778 /* YHSimpleInfoViewController.xib */; };
		0033CC321FB263D400372778 /* Cocoa.framework in Frameworks */ = {isa = PBXBuildFile; fileRef = 0033CC311FB263CA00372778 /* Cocoa.framework */; };
		0090B9B71FB2240000CC9582 /* YHSimplePlugin.m in Sources */ = {isa = PBXBuildFile; fileRef = 0090B9B61FB2240000CC9582 /* YHSimplePlugin.m */; };
		0090B9BB1FB2243B00CC9582 /* RWKit.framework in Frameworks */ = {isa = PBXBuildFile; fileRef = 0090B9B91FB2243B00CC9582 /* RWKit.framework */; };
		0090B9BC1FB2243B00CC9582 /* RMKit.framework in Frameworks */ = {isa = PBXBuildFile; fileRef = 0090B9BA1FB2243B00CC9582 /* RMKit.framework */; };
		00A221311FB393F9004354F5 /* icons.xcassets in Resources */ = {isa = PBXBuildFile; fileRef = 00A221301FB393F9004354F5 /* icons.xcassets */; };
/* End PBXBuildFile section */

/* Begin PBXFileReference section */
		0033CC221FB2523400372778 /* Localized.strings */ = {isa = PBXFileReference; lastKnownFileType = text.plist.strings; path = Localized.strings; sourceTree = "<group>"; };
		0033CC241FB255FD00372778 /* YHSimpleContent.h */ = {isa = PBXFileReference; lastKnownFileType = sourcecode.c.h; path = YHSimpleContent.h; sourceTree = "<group>"; };
		0033CC251FB255FD00372778 /* YHSimpleContent.m */ = {isa = PBXFileReference; lastKnownFileType = sourcecode.c.objc; path = YHSimpleContent.m; sourceTree = "<group>"; };
		0033CC271FB2563600372778 /* YHSimpleContentViewController.h */ = {isa = PBXFileReference; lastKnownFileType = sourcecode.c.h; path = YHSimpleContentViewController.h; sourceTree = "<group>"; };
		0033CC281FB2563600372778 /* YHSimpleContentViewController.m */ = {isa = PBXFileReference; lastKnownFileType = sourcecode.c.objc; path = YHSimpleContentViewController.m; sourceTree = "<group>"; };
		0033CC291FB2563600372778 /* YHSimpleContentViewController.xib */ = {isa = PBXFileReference; lastKnownFileType = file.xib; path = YHSimpleContentViewController.xib; sourceTree = "<group>"; };
		0033CC2C1FB2566C00372778 /* YHSimpleInfoViewController.h */ = {isa = PBXFileReference; lastKnownFileType = sourcecode.c.h; path = YHSimpleInfoViewController.h; sourceTree = "<group>"; };
		0033CC2D1FB2566C00372778 /* YHSimpleInfoViewController.m */ = {isa = PBXFileReference; lastKnownFileType = sourcecode.c.objc; path = YHSimpleInfoViewController.m; sourceTree = "<group>"; };
		0033CC2E1FB2566C00372778 /* YHSimpleInfoViewController.xib */ = {isa = PBXFileReference; lastKnownFileType = file.xib; path = YHSimpleInfoViewController.xib; sourceTree = "<group>"; };
		0033CC311FB263CA00372778 /* Cocoa.framework */ = {isa = PBXFileReference; lastKnownFileType = wrapper.framework; name = Cocoa.framework; path = System/Library/Frameworks/Cocoa.framework; sourceTree = SDKROOT; };
		0033CC381FB26E6700372778 /* WebKit.framework */ = {isa = PBXFileReference; lastKnownFileType = wrapper.framework; name = WebKit.framework; path = System/Library/Frameworks/WebKit.framework; sourceTree = SDKROOT; };
		0090B9AC1FB218BB00CC9582 /* SimplePlugin.rapidweaverplugin */ = {isa = PBXFileReference; explicitFileType = wrapper.cfbundle; includeInIndex = 0; path = SimplePlugin.rapidweaverplugin; sourceTree = BUILT_PRODUCTS_DIR; };
		0090B9AF1FB218BB00CC9582 /* Info.plist */ = {isa = PBXFileReference; lastKnownFileType = text.plist.xml; path = Info.plist; sourceTree = "<group>"; };
		0090B9B51FB2240000CC9582 /* YHSimplePlugin.h */ = {isa = PBXFileReference; lastKnownFileType = sourcecode.c.h; path = YHSimplePlugin.h; sourceTree = "<group>"; };
		0090B9B61FB2240000CC9582 /* YHSimplePlugin.m */ = {isa = PBXFileReference; lastKnownFileType = sourcecode.c.objc; path = YHSimplePlugin.m; sourceTree = "<group>"; };
		0090B9B91FB2243B00CC9582 /* RWKit.framework */ = {isa = PBXFileReference; lastKnownFileType = wrapper.framework; name = RWKit.framework; path = "/Applications/RapidWeaver 7.app/Contents/Frameworks/RWKit.framework"; sourceTree = "<absolute>"; };
		0090B9BA1FB2243B00CC9582 /* RMKit.framework */ = {isa = PBXFileReference; lastKnownFileType = wrapper.framework; name = RMKit.framework; path = "/Applications/RapidWeaver 7.app/Contents/Frameworks/RMKit.framework"; sourceTree = "<absolute>"; };
		00A221301FB393F9004354F5 /* icons.xcassets */ = {isa = PBXFileReference; lastKnownFileType = folder.assetcatalog; path = icons.xcassets; sourceTree = "<group>"; };
/* End PBXFileReference section */

/* Begin PBXFrameworksBuildPhase section */
		0090B9A91FB218BB00CC9582 /* Frameworks */ = {
			isa = PBXFrameworksBuildPhase;
			buildActionMask = 2147483647;
			files = (
				0090B9BB1FB2243B00CC9582 /* RWKit.framework in Frameworks */,
				0090B9BC1FB2243B00CC9582 /* RMKit.framework in Frameworks */,
				0033CC321FB263D400372778 /* Cocoa.framework in Frameworks */,
			);
			runOnlyForDeploymentPostprocessing = 0;
		};
/* End PBXFrameworksBuildPhase section */

/* Begin PBXGroup section */
		0033CC351FB2673500372778 /* Resources */ = {
			isa = PBXGroup;
			children = (
				0090B9AF1FB218BB00CC9582 /* Info.plist */,
				00A221301FB393F9004354F5 /* icons.xcassets */,
				0033CC221FB2523400372778 /* Localized.strings */,
			);
			path = Resources;
			sourceTree = "<group>";
		};
		0033CC361FB2674200372778 /* Headers */ = {
			isa = PBXGroup;
			children = (
				0090B9B51FB2240000CC9582 /* YHSimplePlugin.h */,
				0033CC241FB255FD00372778 /* YHSimpleContent.h */,
				0033CC271FB2563600372778 /* YHSimpleContentViewController.h */,
				0033CC2C1FB2566C00372778 /* YHSimpleInfoViewController.h */,
			);
			path = Headers;
			sourceTree = "<group>";
		};
		0033CC371FB2675600372778 /* Xibs */ = {
			isa = PBXGroup;
			children = (
				0033CC291FB2563600372778 /* YHSimpleContentViewController.xib */,
				0033CC2E1FB2566C00372778 /* YHSimpleInfoViewController.xib */,
			);
			path = Xibs;
			sourceTree = "<group>";
		};
		0090B9A31FB218BB00CC9582 = {
			isa = PBXGroup;
			children = (
				0090B9AE1FB218BB00CC9582 /* SimplePlugin */,
				0090B9AD1FB218BB00CC9582 /* Products */,
				0090B9B81FB2243B00CC9582 /* Frameworks */,
			);
			sourceTree = "<group>";
		};
		0090B9AD1FB218BB00CC9582 /* Products */ = {
			isa = PBXGroup;
			children = (
				0090B9AC1FB218BB00CC9582 /* SimplePlugin.rapidweaverplugin */,
			);
			name = Products;
			sourceTree = "<group>";
		};
		0090B9AE1FB218BB00CC9582 /* SimplePlugin */ = {
			isa = PBXGroup;
			children = (
				0090B9B61FB2240000CC9582 /* YHSimplePlugin.m */,
				0033CC251FB255FD00372778 /* YHSimpleContent.m */,
				0033CC281FB2563600372778 /* YHSimpleContentViewController.m */,
				0033CC2D1FB2566C00372778 /* YHSimpleInfoViewController.m */,
				0033CC351FB2673500372778 /* Resources */,
				0033CC361FB2674200372778 /* Headers */,
				0033CC371FB2675600372778 /* Xibs */,
			);
			path = SimplePlugin;
			sourceTree = "<group>";
		};
		0090B9B81FB2243B00CC9582 /* Frameworks */ = {
			isa = PBXGroup;
			children = (
				0033CC381FB26E6700372778 /* WebKit.framework */,
				0033CC311FB263CA00372778 /* Cocoa.framework */,
				0090B9BA1FB2243B00CC9582 /* RMKit.framework */,
				0090B9B91FB2243B00CC9582 /* RWKit.framework */,
			);
			name = Frameworks;
			sourceTree = "<group>";
		};
/* End PBXGroup section */

/* Begin PBXNativeTarget section */
		0090B9AB1FB218BB00CC9582 /* SimplePlugin */ = {
			isa = PBXNativeTarget;
			buildConfigurationList = 0090B9B21FB218BB00CC9582 /* Build configuration list for PBXNativeTarget "SimplePlugin" */;
			buildPhases = (
				0090B9A81FB218BB00CC9582 /* Sources */,
				0090B9A91FB218BB00CC9582 /* Frameworks */,
				0090B9AA1FB218BB00CC9582 /* Resources */,
			);
			buildRules = (
			);
			dependencies = (
			);
			name = SimplePlugin;
			productName = SimplePlugin;
			productReference = 0090B9AC1FB218BB00CC9582 /* SimplePlugin.rapidweaverplugin */;
			productType = "com.apple.product-type.bundle";
		};
/* End PBXNativeTarget section */

/* Begin PBXProject section */
		0090B9A41FB218BB00CC9582 /* Project object */ = {
			isa = PBXProject;
			attributes = {
				LastUpgradeCheck = 0910;
				ORGANIZATIONNAME = YourHead;
				TargetAttributes = {
					0090B9AB1FB218BB00CC9582 = {
						CreatedOnToolsVersion = 9.1;
						ProvisioningStyle = Automatic;
					};
				};
			};
			buildConfigurationList = 0090B9A71FB218BB00CC9582 /* Build configuration list for PBXProject "SimplePlugin" */;
			compatibilityVersion = "Xcode 8.0";
			developmentRegion = en;
			hasScannedForEncodings = 0;
			knownRegions = (
				en,
			);
			mainGroup = 0090B9A31FB218BB00CC9582;
			productRefGroup = 0090B9AD1FB218BB00CC9582 /* Products */;
			projectDirPath = "";
			projectRoot = "";
			targets = (
				0090B9AB1FB218BB00CC9582 /* SimplePlugin */,
			);
		};
/* End PBXProject section */

/* Begin PBXResourcesBuildPhase section */
		0090B9AA1FB218BB00CC9582 /* Resources */ = {
			isa = PBXResourcesBuildPhase;
			buildActionMask = 2147483647;
			files = (
				0033CC301FB2566C00372778 /* YHSimpleInfoViewController.xib in Resources */,
				0033CC231FB2523400372778 /* Localized.strings in Resources */,
				0033CC2B1FB2563600372778 /* YHSimpleContentViewController.xib in Resources */,
				00A221311FB393F9004354F5 /* icons.xcassets in Resources */,
			);
			runOnlyForDeploymentPostprocessing = 0;
		};
/* End PBXResourcesBuildPhase section */

/* Begin PBXSourcesBuildPhase section */
		0090B9A81FB218BB00CC9582 /* Sources */ = {
			isa = PBXSourcesBuildPhase;
			buildActionMask = 2147483647;
			files = (
				0033CC261FB255FD00372778 /* YHSimpleContent.m in Sources */,
				0033CC2F1FB2566C00372778 /* YHSimpleInfoViewController.m in Sources */,
				0090B9B71FB2240000CC9582 /* YHSimplePlugin.m in Sources */,
				0033CC2A1FB2563600372778 /* YHSimpleContentViewController.m in Sources */,
			);
			runOnlyForDeploymentPostprocessing = 0;
		};
/* End PBXSourcesBuildPhase section */

/* Begin XCBuildConfiguration section */
		0090B9B01FB218BB00CC9582 /* Debug */ = {
			isa = XCBuildConfiguration;
			buildSettings = {
				ALWAYS_SEARCH_USER_PATHS = NO;
				CLANG_ANALYZER_NONNULL = YES;
				CLANG_ANALYZER_NUMBER_OBJECT_CONVERSION = YES_AGGRESSIVE;
				CLANG_ENABLE_MODULES = NO;
				CLANG_ENABLE_OBJC_ARC = YES;
				CLANG_WARN_BLOCK_CAPTURE_AUTORELEASING = YES;
				CLANG_WARN_BOOL_CONVERSION = YES;
				CLANG_WARN_COMMA = YES;
				CLANG_WARN_CONSTANT_CONVERSION = YES;
				CLANG_WARN_DIRECT_OBJC_ISA_USAGE = YES_ERROR;
				CLANG_WARN_DOCUMENTATION_COMMENTS = YES;
				CLANG_WARN_EMPTY_BODY = YES;
				CLANG_WARN_ENUM_CONVERSION = YES;
				CLANG_WARN_INFINITE_RECURSION = YES;
				CLANG_WARN_INT_CONVERSION = YES;
				CLANG_WARN_NON_LITERAL_NULL_CONVERSION = YES;
				CLANG_WARN_OBJC_LITERAL_CONVERSION = YES;
				CLANG_WARN_OBJC_ROOT_CLASS = YES_ERROR;
				CLANG_WARN_RANGE_LOOP_ANALYSIS = YES;
				CLANG_WARN_STRICT_PROTOTYPES = YES;
				CLANG_WARN_SUSPICIOUS_MOVE = YES;
				CLANG_WARN_UNGUARDED_AVAILABILITY = YES_AGGRESSIVE;
				CLANG_WARN_UNREACHABLE_CODE = YES;
				CLANG_WARN__DUPLICATE_METHOD_MATCH = YES;
				CODE_SIGN_IDENTITY = "";
				COMBINE_HIDPI_IMAGES = YES;
				COPY_PHASE_STRIP = NO;
				DEBUG_INFORMATION_FORMAT = dwarf;
				ENABLE_ONLY_ACTIVE_RESOURCES = NO;
				ENABLE_STRICT_OBJC_MSGSEND = YES;
				ENABLE_TESTABILITY = YES;
				GCC_DYNAMIC_NO_PIC = NO;
				GCC_NO_COMMON_BLOCKS = YES;
				GCC_OPTIMIZATION_LEVEL = 0;
				GCC_PREPROCESSOR_DEFINITIONS = (
					"DEBUG=1",
					"$(inherited)",
				);
				GCC_WARN_64_TO_32_BIT_CONVERSION = YES;
				GCC_WARN_ABOUT_RETURN_TYPE = YES_ERROR;
				GCC_WARN_UNDECLARED_SELECTOR = YES;
				GCC_WARN_UNINITIALIZED_AUTOS = YES_AGGRESSIVE;
				GCC_WARN_UNUSED_FUNCTION = YES;
				GCC_WARN_UNUSED_VARIABLE = YES;
				MACOSX_DEPLOYMENT_TARGET = 10.11;
				MTL_ENABLE_DEBUG_INFO = YES;
				ONLY_ACTIVE_ARCH = YES;
				SKIP_INSTALL = YES;
				VALID_ARCHS = x86_64;
			};
			name = Debug;
		};
		0090B9B11FB218BB00CC9582 /* Release */ = {
			isa = XCBuildConfiguration;
			buildSettings = {
				ALWAYS_SEARCH_USER_PATHS = NO;
				CLANG_ANALYZER_NONNULL = YES;
				CLANG_ANALYZER_NUMBER_OBJECT_CONVERSION = YES_AGGRESSIVE;
				CLANG_ENABLE_MODULES = NO;
				CLANG_ENABLE_OBJC_ARC = YES;
				CLANG_WARN_BLOCK_CAPTURE_AUTORELEASING = YES;
				CLANG_WARN_BOOL_CONVERSION = YES;
				CLANG_WARN_COMMA = YES;
				CLANG_WARN_CONSTANT_CONVERSION = YES;
				CLANG_WARN_DIRECT_OBJC_ISA_USAGE = YES_ERROR;
				CLANG_WARN_DOCUMENTATION_COMMENTS = YES;
				CLANG_WARN_EMPTY_BODY = YES;
				CLANG_WARN_ENUM_CONVERSION = YES;
				CLANG_WARN_INFINITE_RECURSION = YES;
				CLANG_WARN_INT_CONVERSION = YES;
				CLANG_WARN_NON_LITERAL_NULL_CONVERSION = YES;
				CLANG_WARN_OBJC_LITERAL_CONVERSION = YES;
				CLANG_WARN_OBJC_ROOT_CLASS = YES_ERROR;
				CLANG_WARN_RANGE_LOOP_ANALYSIS = YES;
				CLANG_WARN_STRICT_PROTOTYPES = YES;
				CLANG_WARN_SUSPICIOUS_MOVE = YES;
				CLANG_WARN_UNGUARDED_AVAILABILITY = YES_AGGRESSIVE;
				CLANG_WARN_UNREACHABLE_CODE = YES;
				CLANG_WARN__DUPLICATE_METHOD_MATCH = YES;
				CODE_SIGN_IDENTITY = "";
				COMBINE_HIDPI_IMAGES = YES;
				COPY_PHASE_STRIP = NO;
				DEBUG_INFORMATION_FORMAT = "dwarf-with-dsym";
				ENABLE_NS_ASSERTIONS = NO;
				ENABLE_ONLY_ACTIVE_RESOURCES = NO;
				ENABLE_STRICT_OBJC_MSGSEND = YES;
				GCC_NO_COMMON_BLOCKS = YES;
				GCC_WARN_64_TO_32_BIT_CONVERSION = YES;
				GCC_WARN_ABOUT_RETURN_TYPE = YES_ERROR;
				GCC_WARN_UNDECLARED_SELECTOR = YES;
				GCC_WARN_UNINITIALIZED_AUTOS = YES_AGGRESSIVE;
				GCC_WARN_UNUSED_FUNCTION = YES;
				GCC_WARN_UNUSED_VARIABLE = YES;
				MACOSX_DEPLOYMENT_TARGET = 10.11;
				MTL_ENABLE_DEBUG_INFO = NO;
				SKIP_INSTALL = YES;
				VALID_ARCHS = x86_64;
			};
			name = Release;
		};
		0090B9B31FB218BB00CC9582 /* Debug */ = {
			isa = XCBuildConfiguration;
			buildSettings = {
				ASSETCATALOG_COMPILER_APPICON_NAME = plugin_icon;
				FRAMEWORK_SEARCH_PATHS = "/Applications/RapidWeaver\\ 7.app/Contents/Frameworks";
				INFOPLIST_FILE = "$(SRCROOT)/SimplePlugin/Resources/Info.plist";
				PRODUCT_BUNDLE_IDENTIFIER = com.yourhead.SimplePlugin;
				PRODUCT_NAME = "$(TARGET_NAME)";
				WRAPPER_EXTENSION = rapidweaverplugin;
			};
			name = Debug;
		};
		0090B9B41FB218BB00CC9582 /* Release */ = {
			isa = XCBuildConfiguration;
			buildSettings = {
				ASSETCATALOG_COMPILER_APPICON_NAME = plugin_icon;
				FRAMEWORK_SEARCH_PATHS = "/Applications/RapidWeaver\\ 7.app/Contents/Frameworks";
				INFOPLIST_FILE = "$(SRCROOT)/SimplePlugin/Resources/Info.plist";
				PRODUCT_BUNDLE_IDENTIFIER = com.yourhead.SimplePlugin;
				PRODUCT_NAME = "$(TARGET_NAME)";
				WRAPPER_EXTENSION = rapidweaverplugin;
			};
			name = Release;
		};
/* End XCBuildConfiguration section */

/* Begin XCConfigurationList section */
		0090B9A71FB218BB00CC9582 /* Build configuration list for PBXProject "SimplePlugin" */ = {
			isa = XCConfigurationList;
			buildConfigurations = (
				0090B9B01FB218BB00CC9582 /* Debug */,
				0090B9B11FB218BB00CC9582 /* Release */,
			);
			defaultConfigurationIsVisible = 0;
			defaultConfigurationName = Release;
		};
		0090B9B21FB218BB00CC9582 /* Build configuration list for PBXNativeTarget "SimplePlugin" */ = {
			isa = XCConfigurationList;
			buildConfigurations = (
				0090B9B31FB218BB00CC9582 /* Debug */,
				0090B9B41FB218BB00CC9582 /* Release */,
			);
			defaultConfigurationIsVisible = 0;
			defaultConfigurationName = Release;
		};
/* End XCConfigurationList section */
	};
	rootObject = 0090B9A41FB218BB00CC9582 /* Project object */;
}
